// !$*UTF8*$!
{
	archiveVersion = 1;
	classes = {
	};
	objectVersion = 56;
	objects = {

/* Begin PBXBuildFile section */
		B5A97CEA2BE140F600733884 /* AppDelegate.swift in Sources */ = {isa = PBXBuildFile; fileRef = B5A97CE92BE140F600733884 /* AppDelegate.swift */; };
		B5A97CEC2BE140F600733884 /* SceneDelegate.swift in Sources */ = {isa = PBXBuildFile; fileRef = B5A97CEB2BE140F600733884 /* SceneDelegate.swift */; };
		B5A97CEE2BE140F600733884 /* ViewController.swift in Sources */ = {isa = PBXBuildFile; fileRef = B5A97CED2BE140F600733884 /* ViewController.swift */; };
		B5A97CF42BE140F600733884 /* BookLog.xcdatamodeld in Sources */ = {isa = PBXBuildFile; fileRef = B5A97CF22BE140F600733884 /* BookLog.xcdatamodeld */; };
		B5A97CF62BE140F700733884 /* Assets.xcassets in Resources */ = {isa = PBXBuildFile; fileRef = B5A97CF52BE140F700733884 /* Assets.xcassets */; };
		B5A97D022BE14A0200733884 /* BookAPIManager.swift in Sources */ = {isa = PBXBuildFile; fileRef = B5A97D012BE14A0200733884 /* BookAPIManager.swift */; };
		B5A97D052BE14A6A00733884 /* Alamofire in Frameworks */ = {isa = PBXBuildFile; productRef = B5A97D042BE14A6A00733884 /* Alamofire */; };
		B5A97D072BE14A6A00733884 /* AlamofireDynamic in Frameworks */ = {isa = PBXBuildFile; productRef = B5A97D062BE14A6A00733884 /* AlamofireDynamic */; };
		B5A97D0A2BE14C3D00733884 /* SearchBookModel.swift in Sources */ = {isa = PBXBuildFile; fileRef = B5A97D092BE14C3D00733884 /* SearchBookModel.swift */; };
		B5A97D0C2BE1518000733884 /* KakaoPlist.plist in Resources */ = {isa = PBXBuildFile; fileRef = B5A97D0B2BE1518000733884 /* KakaoPlist.plist */; };
		B5A97D0E2BE1525400733884 /* KakaoAPI++Bundle.swift in Sources */ = {isa = PBXBuildFile; fileRef = B5A97D0D2BE1525400733884 /* KakaoAPI++Bundle.swift */; };
		B5A97D132BE158DC00733884 /* BottomTabBarController.swift in Sources */ = {isa = PBXBuildFile; fileRef = B5A97D122BE158DC00733884 /* BottomTabBarController.swift */; };
		B5A97D172BE15A6700733884 /* BookLogViewController.swift in Sources */ = {isa = PBXBuildFile; fileRef = B5A97D162BE15A6700733884 /* BookLogViewController.swift */; };
		B5A97D192BE15AA600733884 /* SearchViewController.swift in Sources */ = {isa = PBXBuildFile; fileRef = B5A97D182BE15AA600733884 /* SearchViewController.swift */; };
/* End PBXBuildFile section */

/* Begin PBXFileReference section */
		B5A97CE62BE140F600733884 /* BookLog.app */ = {isa = PBXFileReference; explicitFileType = wrapper.application; includeInIndex = 0; path = BookLog.app; sourceTree = BUILT_PRODUCTS_DIR; };
		B5A97CE92BE140F600733884 /* AppDelegate.swift */ = {isa = PBXFileReference; lastKnownFileType = sourcecode.swift; path = AppDelegate.swift; sourceTree = "<group>"; };
		B5A97CEB2BE140F600733884 /* SceneDelegate.swift */ = {isa = PBXFileReference; lastKnownFileType = sourcecode.swift; path = SceneDelegate.swift; sourceTree = "<group>"; };
		B5A97CED2BE140F600733884 /* ViewController.swift */ = {isa = PBXFileReference; lastKnownFileType = sourcecode.swift; path = ViewController.swift; sourceTree = "<group>"; };
		B5A97CF32BE140F600733884 /* BookLog.xcdatamodel */ = {isa = PBXFileReference; lastKnownFileType = wrapper.xcdatamodel; path = BookLog.xcdatamodel; sourceTree = "<group>"; };
		B5A97CF52BE140F700733884 /* Assets.xcassets */ = {isa = PBXFileReference; lastKnownFileType = folder.assetcatalog; path = Assets.xcassets; sourceTree = "<group>"; };
		B5A97CFA2BE140F700733884 /* Info.plist */ = {isa = PBXFileReference; lastKnownFileType = text.plist.xml; path = Info.plist; sourceTree = "<group>"; };
		B5A97D012BE14A0200733884 /* BookAPIManager.swift */ = {isa = PBXFileReference; lastKnownFileType = sourcecode.swift; path = BookAPIManager.swift; sourceTree = "<group>"; };
		B5A97D092BE14C3D00733884 /* SearchBookModel.swift */ = {isa = PBXFileReference; lastKnownFileType = sourcecode.swift; path = SearchBookModel.swift; sourceTree = "<group>"; };
		B5A97D0B2BE1518000733884 /* KakaoPlist.plist */ = {isa = PBXFileReference; lastKnownFileType = text.plist.xml; path = KakaoPlist.plist; sourceTree = "<group>"; };
		B5A97D0D2BE1525400733884 /* KakaoAPI++Bundle.swift */ = {isa = PBXFileReference; lastKnownFileType = sourcecode.swift; path = "KakaoAPI++Bundle.swift"; sourceTree = "<group>"; };
		B5A97D122BE158DC00733884 /* BottomTabBarController.swift */ = {isa = PBXFileReference; lastKnownFileType = sourcecode.swift; path = BottomTabBarController.swift; sourceTree = "<group>"; };
		B5A97D162BE15A6700733884 /* BookLogViewController.swift */ = {isa = PBXFileReference; lastKnownFileType = sourcecode.swift; path = BookLogViewController.swift; sourceTree = "<group>"; };
		B5A97D182BE15AA600733884 /* SearchViewController.swift */ = {isa = PBXFileReference; lastKnownFileType = sourcecode.swift; path = SearchViewController.swift; sourceTree = "<group>"; };
/* End PBXFileReference section */

/* Begin PBXFrameworksBuildPhase section */
		B5A97CE32BE140F600733884 /* Frameworks */ = {
			isa = PBXFrameworksBuildPhase;
			buildActionMask = 2147483647;
			files = (
				B5A97D052BE14A6A00733884 /* Alamofire in Frameworks */,
				B5A97D072BE14A6A00733884 /* AlamofireDynamic in Frameworks */,
			);
			runOnlyForDeploymentPostprocessing = 0;
		};
/* End PBXFrameworksBuildPhase section */

/* Begin PBXGroup section */
		B5A97CDD2BE140F600733884 = {
			isa = PBXGroup;
			children = (
				B5A97CE82BE140F600733884 /* BookLog */,
				B5A97CE72BE140F600733884 /* Products */,
			);
			sourceTree = "<group>";
		};
		B5A97CE72BE140F600733884 /* Products */ = {
			isa = PBXGroup;
			children = (
				B5A97CE62BE140F600733884 /* BookLog.app */,
			);
			name = Products;
			sourceTree = "<group>";
		};
		B5A97CE82BE140F600733884 /* BookLog */ = {
			isa = PBXGroup;
			children = (
				B5A97D082BE14C2800733884 /* Model */,
				B5A97D002BE149D200733884 /* Network */,
				B5A97D102BE158A200733884 /* Presentation */,
				B5A97D0F2BE1530900733884 /* Resource */,
				B5A97CE92BE140F600733884 /* AppDelegate.swift */,
				B5A97CEB2BE140F600733884 /* SceneDelegate.swift */,
				B5A97CF22BE140F600733884 /* BookLog.xcdatamodeld */,
			);
			path = BookLog;
			sourceTree = "<group>";
		};
		B5A97D002BE149D200733884 /* Network */ = {
			isa = PBXGroup;
			children = (
				B5A97D012BE14A0200733884 /* BookAPIManager.swift */,
			);
			path = Network;
			sourceTree = "<group>";
		};
		B5A97D082BE14C2800733884 /* Model */ = {
			isa = PBXGroup;
			children = (
				B5A97D092BE14C3D00733884 /* SearchBookModel.swift */,
			);
			path = Model;
			sourceTree = "<group>";
		};
		B5A97D0F2BE1530900733884 /* Resource */ = {
			isa = PBXGroup;
			children = (
				B5A97CF52BE140F700733884 /* Assets.xcassets */,
				B5A97CFA2BE140F700733884 /* Info.plist */,
				B5A97D0B2BE1518000733884 /* KakaoPlist.plist */,
				B5A97D0D2BE1525400733884 /* KakaoAPI++Bundle.swift */,
			);
			path = Resource;
			sourceTree = "<group>";
		};
		B5A97D102BE158A200733884 /* Presentation */ = {
			isa = PBXGroup;
			children = (
				B5A97D152BE15A4C00733884 /* BookLog */,
				B5A97D142BE15A0800733884 /* Search */,
				B5A97D112BE158C700733884 /* BottomTabBar */,
				B5A97CED2BE140F600733884 /* ViewController.swift */,
			);
			path = Presentation;
			sourceTree = "<group>";
		};
		B5A97D112BE158C700733884 /* BottomTabBar */ = {
			isa = PBXGroup;
			children = (
				B5A97D122BE158DC00733884 /* BottomTabBarController.swift */,
			);
			path = BottomTabBar;
			sourceTree = "<group>";
		};
		B5A97D142BE15A0800733884 /* Search */ = {
			isa = PBXGroup;
			children = (
				B5A97D182BE15AA600733884 /* SearchViewController.swift */,
			);
			path = Search;
			sourceTree = "<group>";
		};
		B5A97D152BE15A4C00733884 /* BookLog */ = {
			isa = PBXGroup;
			children = (
				B5A97D162BE15A6700733884 /* BookLogViewController.swift */,
			);
			path = BookLog;
			sourceTree = "<group>";
		};
/* End PBXGroup section */

/* Begin PBXNativeTarget section */
		B5A97CE52BE140F600733884 /* BookLog */ = {
			isa = PBXNativeTarget;
			buildConfigurationList = B5A97CFD2BE140F700733884 /* Build configuration list for PBXNativeTarget "BookLog" */;
			buildPhases = (
				B5A97CE22BE140F600733884 /* Sources */,
				B5A97CE32BE140F600733884 /* Frameworks */,
				B5A97CE42BE140F600733884 /* Resources */,
			);
			buildRules = (
			);
			dependencies = (
			);
			name = BookLog;
			packageProductDependencies = (
				B5A97D042BE14A6A00733884 /* Alamofire */,
				B5A97D062BE14A6A00733884 /* AlamofireDynamic */,
			);
			productName = BookLog;
			productReference = B5A97CE62BE140F600733884 /* BookLog.app */;
			productType = "com.apple.product-type.application";
		};
/* End PBXNativeTarget section */

/* Begin PBXProject section */
		B5A97CDE2BE140F600733884 /* Project object */ = {
			isa = PBXProject;
			attributes = {
				BuildIndependentTargetsInParallel = 1;
				LastSwiftUpdateCheck = 1530;
				LastUpgradeCheck = 1530;
				TargetAttributes = {
					B5A97CE52BE140F600733884 = {
						CreatedOnToolsVersion = 15.3;
					};
				};
			};
			buildConfigurationList = B5A97CE12BE140F600733884 /* Build configuration list for PBXProject "BookLog" */;
			compatibilityVersion = "Xcode 14.0";
			developmentRegion = en;
			hasScannedForEncodings = 0;
			knownRegions = (
				en,
				Base,
			);
			mainGroup = B5A97CDD2BE140F600733884;
			packageReferences = (
				B5A97D032BE14A6A00733884 /* XCRemoteSwiftPackageReference "Alamofire" */,
			);
			productRefGroup = B5A97CE72BE140F600733884 /* Products */;
			projectDirPath = "";
			projectRoot = "";
			targets = (
				B5A97CE52BE140F600733884 /* BookLog */,
			);
		};
/* End PBXProject section */

/* Begin PBXResourcesBuildPhase section */
		B5A97CE42BE140F600733884 /* Resources */ = {
			isa = PBXResourcesBuildPhase;
			buildActionMask = 2147483647;
			files = (
				B5A97CF62BE140F700733884 /* Assets.xcassets in Resources */,
				B5A97D0C2BE1518000733884 /* KakaoPlist.plist in Resources */,
			);
			runOnlyForDeploymentPostprocessing = 0;
		};
/* End PBXResourcesBuildPhase section */

/* Begin PBXSourcesBuildPhase section */
		B5A97CE22BE140F600733884 /* Sources */ = {
			isa = PBXSourcesBuildPhase;
			buildActionMask = 2147483647;
			files = (
				B5A97D192BE15AA600733884 /* SearchViewController.swift in Sources */,
				B5A97D0E2BE1525400733884 /* KakaoAPI++Bundle.swift in Sources */,
				B5A97CEE2BE140F600733884 /* ViewController.swift in Sources */,
				B5A97D022BE14A0200733884 /* BookAPIManager.swift in Sources */,
				B5A97CF42BE140F600733884 /* BookLog.xcdatamodeld in Sources */,
				B5A97D132BE158DC00733884 /* BottomTabBarController.swift in Sources */,
				B5A97CEA2BE140F600733884 /* AppDelegate.swift in Sources */,
				B5A97D172BE15A6700733884 /* BookLogViewController.swift in Sources */,
				B5A97D0A2BE14C3D00733884 /* SearchBookModel.swift in Sources */,
				B5A97CEC2BE140F600733884 /* SceneDelegate.swift in Sources */,
			);
			runOnlyForDeploymentPostprocessing = 0;
		};
/* End PBXSourcesBuildPhase section */

/* Begin XCBuildConfiguration section */
		B5A97CFB2BE140F700733884 /* Debug */ = {
			isa = XCBuildConfiguration;
			buildSettings = {
				ALWAYS_SEARCH_USER_PATHS = NO;
				ASSETCATALOG_COMPILER_GENERATE_SWIFT_ASSET_SYMBOL_EXTENSIONS = YES;
				CLANG_ANALYZER_NONNULL = YES;
				CLANG_ANALYZER_NUMBER_OBJECT_CONVERSION = YES_AGGRESSIVE;
				CLANG_CXX_LANGUAGE_STANDARD = "gnu++20";
				CLANG_ENABLE_MODULES = YES;
				CLANG_ENABLE_OBJC_ARC = YES;
				CLANG_ENABLE_OBJC_WEAK = YES;
				CLANG_WARN_BLOCK_CAPTURE_AUTORELEASING = YES;
				CLANG_WARN_BOOL_CONVERSION = YES;
				CLANG_WARN_COMMA = YES;
				CLANG_WARN_CONSTANT_CONVERSION = YES;
				CLANG_WARN_DEPRECATED_OBJC_IMPLEMENTATIONS = YES;
				CLANG_WARN_DIRECT_OBJC_ISA_USAGE = YES_ERROR;
				CLANG_WARN_DOCUMENTATION_COMMENTS = YES;
				CLANG_WARN_EMPTY_BODY = YES;
				CLANG_WARN_ENUM_CONVERSION = YES;
				CLANG_WARN_INFINITE_RECURSION = YES;
				CLANG_WARN_INT_CONVERSION = YES;
				CLANG_WARN_NON_LITERAL_NULL_CONVERSION = YES;
				CLANG_WARN_OBJC_IMPLICIT_RETAIN_SELF = YES;
				CLANG_WARN_OBJC_LITERAL_CONVERSION = YES;
				CLANG_WARN_OBJC_ROOT_CLASS = YES_ERROR;
				CLANG_WARN_QUOTED_INCLUDE_IN_FRAMEWORK_HEADER = YES;
				CLANG_WARN_RANGE_LOOP_ANALYSIS = YES;
				CLANG_WARN_STRICT_PROTOTYPES = YES;
				CLANG_WARN_SUSPICIOUS_MOVE = YES;
				CLANG_WARN_UNGUARDED_AVAILABILITY = YES_AGGRESSIVE;
				CLANG_WARN_UNREACHABLE_CODE = YES;
				CLANG_WARN__DUPLICATE_METHOD_MATCH = YES;
				COPY_PHASE_STRIP = NO;
				DEBUG_INFORMATION_FORMAT = dwarf;
				ENABLE_STRICT_OBJC_MSGSEND = YES;
				ENABLE_TESTABILITY = YES;
				ENABLE_USER_SCRIPT_SANDBOXING = YES;
				GCC_C_LANGUAGE_STANDARD = gnu17;
				GCC_DYNAMIC_NO_PIC = NO;
				GCC_NO_COMMON_BLOCKS = YES;
				GCC_OPTIMIZATION_LEVEL = 0;
				GCC_PREPROCESSOR_DEFINITIONS = (
					"DEBUG=1",
					"$(inherited)",
				);
				GCC_WARN_64_TO_32_BIT_CONVERSION = YES;
				GCC_WARN_ABOUT_RETURN_TYPE = YES_ERROR;
				GCC_WARN_UNDECLARED_SELECTOR = YES;
				GCC_WARN_UNINITIALIZED_AUTOS = YES_AGGRESSIVE;
				GCC_WARN_UNUSED_FUNCTION = YES;
				GCC_WARN_UNUSED_VARIABLE = YES;
				IPHONEOS_DEPLOYMENT_TARGET = 17.4;
				LOCALIZATION_PREFERS_STRING_CATALOGS = YES;
				MTL_ENABLE_DEBUG_INFO = INCLUDE_SOURCE;
				MTL_FAST_MATH = YES;
				ONLY_ACTIVE_ARCH = YES;
				SDKROOT = iphoneos;
				SWIFT_ACTIVE_COMPILATION_CONDITIONS = "DEBUG $(inherited)";
				SWIFT_OPTIMIZATION_LEVEL = "-Onone";
			};
			name = Debug;
		};
		B5A97CFC2BE140F700733884 /* Release */ = {
			isa = XCBuildConfiguration;
			buildSettings = {
				ALWAYS_SEARCH_USER_PATHS = NO;
				ASSETCATALOG_COMPILER_GENERATE_SWIFT_ASSET_SYMBOL_EXTENSIONS = YES;
				CLANG_ANALYZER_NONNULL = YES;
				CLANG_ANALYZER_NUMBER_OBJECT_CONVERSION = YES_AGGRESSIVE;
				CLANG_CXX_LANGUAGE_STANDARD = "gnu++20";
				CLANG_ENABLE_MODULES = YES;
				CLANG_ENABLE_OBJC_ARC = YES;
				CLANG_ENABLE_OBJC_WEAK = YES;
				CLANG_WARN_BLOCK_CAPTURE_AUTORELEASING = YES;
				CLANG_WARN_BOOL_CONVERSION = YES;
				CLANG_WARN_COMMA = YES;
				CLANG_WARN_CONSTANT_CONVERSION = YES;
				CLANG_WARN_DEPRECATED_OBJC_IMPLEMENTATIONS = YES;
				CLANG_WARN_DIRECT_OBJC_ISA_USAGE = YES_ERROR;
				CLANG_WARN_DOCUMENTATION_COMMENTS = YES;
				CLANG_WARN_EMPTY_BODY = YES;
				CLANG_WARN_ENUM_CONVERSION = YES;
				CLANG_WARN_INFINITE_RECURSION = YES;
				CLANG_WARN_INT_CONVERSION = YES;
				CLANG_WARN_NON_LITERAL_NULL_CONVERSION = YES;
				CLANG_WARN_OBJC_IMPLICIT_RETAIN_SELF = YES;
				CLANG_WARN_OBJC_LITERAL_CONVERSION = YES;
				CLANG_WARN_OBJC_ROOT_CLASS = YES_ERROR;
				CLANG_WARN_QUOTED_INCLUDE_IN_FRAMEWORK_HEADER = YES;
				CLANG_WARN_RANGE_LOOP_ANALYSIS = YES;
				CLANG_WARN_STRICT_PROTOTYPES = YES;
				CLANG_WARN_SUSPICIOUS_MOVE = YES;
				CLANG_WARN_UNGUARDED_AVAILABILITY = YES_AGGRESSIVE;
				CLANG_WARN_UNREACHABLE_CODE = YES;
				CLANG_WARN__DUPLICATE_METHOD_MATCH = YES;
				COPY_PHASE_STRIP = NO;
				DEBUG_INFORMATION_FORMAT = "dwarf-with-dsym";
				ENABLE_NS_ASSERTIONS = NO;
				ENABLE_STRICT_OBJC_MSGSEND = YES;
				ENABLE_USER_SCRIPT_SANDBOXING = YES;
				GCC_C_LANGUAGE_STANDARD = gnu17;
				GCC_NO_COMMON_BLOCKS = YES;
				GCC_WARN_64_TO_32_BIT_CONVERSION = YES;
				GCC_WARN_ABOUT_RETURN_TYPE = YES_ERROR;
				GCC_WARN_UNDECLARED_SELECTOR = YES;
				GCC_WARN_UNINITIALIZED_AUTOS = YES_AGGRESSIVE;
				GCC_WARN_UNUSED_FUNCTION = YES;
				GCC_WARN_UNUSED_VARIABLE = YES;
				IPHONEOS_DEPLOYMENT_TARGET = 17.4;
				LOCALIZATION_PREFERS_STRING_CATALOGS = YES;
				MTL_ENABLE_DEBUG_INFO = NO;
				MTL_FAST_MATH = YES;
				SDKROOT = iphoneos;
				SWIFT_COMPILATION_MODE = wholemodule;
				VALIDATE_PRODUCT = YES;
			};
			name = Release;
		};
		B5A97CFE2BE140F700733884 /* Debug */ = {
			isa = XCBuildConfiguration;
			buildSettings = {
				ASSETCATALOG_COMPILER_APPICON_NAME = AppIcon;
				ASSETCATALOG_COMPILER_GLOBAL_ACCENT_COLOR_NAME = AccentColor;
				CODE_SIGN_STYLE = Automatic;
				CURRENT_PROJECT_VERSION = 1;
				DEVELOPMENT_TEAM = 8B78U37C85;
				GENERATE_INFOPLIST_FILE = YES;
				INFOPLIST_FILE = BookLog/Resource/Info.plist;
				INFOPLIST_KEY_UIApplicationSupportsIndirectInputEvents = YES;
				INFOPLIST_KEY_UILaunchStoryboardName = LaunchScreen;
				INFOPLIST_KEY_UIMainStoryboardFile = "";
				INFOPLIST_KEY_UIStatusBarStyle = "";
				INFOPLIST_KEY_UISupportedInterfaceOrientations_iPad = "UIInterfaceOrientationPortrait UIInterfaceOrientationPortraitUpsideDown UIInterfaceOrientationLandscapeLeft UIInterfaceOrientationLandscapeRight";
				INFOPLIST_KEY_UISupportedInterfaceOrientations_iPhone = "UIInterfaceOrientationPortrait UIInterfaceOrientationLandscapeLeft UIInterfaceOrientationLandscapeRight";
				LD_RUNPATH_SEARCH_PATHS = (
					"$(inherited)",
					"@executable_path/Frameworks",
				);
				MARKETING_VERSION = 1.0;
				PRODUCT_BUNDLE_IDENTIFIER = com.devpark435.BookLog;
				PRODUCT_NAME = "$(TARGET_NAME)";
				SWIFT_EMIT_LOC_STRINGS = YES;
				SWIFT_VERSION = 5.0;
				TARGETED_DEVICE_FAMILY = "1,2";
			};
			name = Debug;
		};
		B5A97CFF2BE140F700733884 /* Release */ = {
			isa = XCBuildConfiguration;
			buildSettings = {
				ASSETCATALOG_COMPILER_APPICON_NAME = AppIcon;
				ASSETCATALOG_COMPILER_GLOBAL_ACCENT_COLOR_NAME = AccentColor;
				CODE_SIGN_STYLE = Automatic;
				CURRENT_PROJECT_VERSION = 1;
				DEVELOPMENT_TEAM = 8B78U37C85;
				GENERATE_INFOPLIST_FILE = YES;
				INFOPLIST_FILE = BookLog/Resource/Info.plist;
				INFOPLIST_KEY_UIApplicationSupportsIndirectInputEvents = YES;
				INFOPLIST_KEY_UILaunchStoryboardName = LaunchScreen;
				INFOPLIST_KEY_UIMainStoryboardFile = "";
				INFOPLIST_KEY_UIStatusBarStyle = "";
				INFOPLIST_KEY_UISupportedInterfaceOrientations_iPad = "UIInterfaceOrientationPortrait UIInterfaceOrientationPortraitUpsideDown UIInterfaceOrientationLandscapeLeft UIInterfaceOrientationLandscapeRight";
				INFOPLIST_KEY_UISupportedInterfaceOrientations_iPhone = "UIInterfaceOrientationPortrait UIInterfaceOrientationLandscapeLeft UIInterfaceOrientationLandscapeRight";
				LD_RUNPATH_SEARCH_PATHS = (
					"$(inherited)",
					"@executable_path/Frameworks",
				);
				MARKETING_VERSION = 1.0;
				PRODUCT_BUNDLE_IDENTIFIER = com.devpark435.BookLog;
				PRODUCT_NAME = "$(TARGET_NAME)";
				SWIFT_EMIT_LOC_STRINGS = YES;
				SWIFT_VERSION = 5.0;
				TARGETED_DEVICE_FAMILY = "1,2";
			};
			name = Release;
		};
/* End XCBuildConfiguration section */

/* Begin XCConfigurationList section */
		B5A97CE12BE140F600733884 /* Build configuration list for PBXProject "BookLog" */ = {
			isa = XCConfigurationList;
			buildConfigurations = (
				B5A97CFB2BE140F700733884 /* Debug */,
				B5A97CFC2BE140F700733884 /* Release */,
			);
			defaultConfigurationIsVisible = 0;
			defaultConfigurationName = Release;
		};
		B5A97CFD2BE140F700733884 /* Build configuration list for PBXNativeTarget "BookLog" */ = {
			isa = XCConfigurationList;
			buildConfigurations = (
				B5A97CFE2BE140F700733884 /* Debug */,
				B5A97CFF2BE140F700733884 /* Release */,
			);
			defaultConfigurationIsVisible = 0;
			defaultConfigurationName = Release;
		};
/* End XCConfigurationList section */

/* Begin XCRemoteSwiftPackageReference section */
		B5A97D032BE14A6A00733884 /* XCRemoteSwiftPackageReference "Alamofire" */ = {
			isa = XCRemoteSwiftPackageReference;
			repositoryURL = "https://github.com/Alamofire/Alamofire";
			requirement = {
				kind = upToNextMajorVersion;
				minimumVersion = 5.9.1;
			};
		};
/* End XCRemoteSwiftPackageReference section */

/* Begin XCSwiftPackageProductDependency section */
		B5A97D042BE14A6A00733884 /* Alamofire */ = {
			isa = XCSwiftPackageProductDependency;
			package = B5A97D032BE14A6A00733884 /* XCRemoteSwiftPackageReference "Alamofire" */;
			productName = Alamofire;
		};
		B5A97D062BE14A6A00733884 /* AlamofireDynamic */ = {
			isa = XCSwiftPackageProductDependency;
			package = B5A97D032BE14A6A00733884 /* XCRemoteSwiftPackageReference "Alamofire" */;
			productName = AlamofireDynamic;
		};
/* End XCSwiftPackageProductDependency section */

/* Begin XCVersionGroup section */
		B5A97CF22BE140F600733884 /* BookLog.xcdatamodeld */ = {
			isa = XCVersionGroup;
			children = (
				B5A97CF32BE140F600733884 /* BookLog.xcdatamodel */,
			);
			currentVersion = B5A97CF32BE140F600733884 /* BookLog.xcdatamodel */;
			path = BookLog.xcdatamodeld;
			sourceTree = "<group>";
			versionGroupType = wrapper.xcdatamodel;
		};
/* End XCVersionGroup section */
	};
	rootObject = B5A97CDE2BE140F600733884 /* Project object */;
}
